// !$*UTF8*$!
{
	archiveVersion = 1;
	classes = {
	};
	objectVersion = 55;
	objects = {

/* Begin PBXBuildFile section */
		371293982999AC3F0030E49F /* FirebaseDB.swift in Sources */ = {isa = PBXBuildFile; fileRef = 371293972999AC3F0030E49F /* FirebaseDB.swift */; };
		3712939A2999BDC60030E49F /* Meal.swift in Sources */ = {isa = PBXBuildFile; fileRef = 371293992999BDC60030E49F /* Meal.swift */; };
		375CA84329B847DB00EE3106 /* OnboardingNotificationViewController.swift in Sources */ = {isa = PBXBuildFile; fileRef = 375CA83D29B847DB00EE3106 /* OnboardingNotificationViewController.swift */; };
		375CA84429B847DB00EE3106 /* OnboardingNameViewController.swift in Sources */ = {isa = PBXBuildFile; fileRef = 375CA83E29B847DB00EE3106 /* OnboardingNameViewController.swift */; };
		375CA84529B847DB00EE3106 /* OnboardingBirthdayViewController.swift in Sources */ = {isa = PBXBuildFile; fileRef = 375CA83F29B847DB00EE3106 /* OnboardingBirthdayViewController.swift */; };
		375CA84629B847DB00EE3106 /* OnboardingEmailViewController.swift in Sources */ = {isa = PBXBuildFile; fileRef = 375CA84029B847DB00EE3106 /* OnboardingEmailViewController.swift */; };
		375CA84729B847DB00EE3106 /* OnboardingUsernameViewController.swift in Sources */ = {isa = PBXBuildFile; fileRef = 375CA84129B847DB00EE3106 /* OnboardingUsernameViewController.swift */; };
		375CA84829B847DB00EE3106 /* OnboardingPasswordViewController.swift in Sources */ = {isa = PBXBuildFile; fileRef = 375CA84229B847DB00EE3106 /* OnboardingPasswordViewController.swift */; };
		375CA84D29B84A3100EE3106 /* User.swift in Sources */ = {isa = PBXBuildFile; fileRef = 375CA84C29B84A3100EE3106 /* User.swift */; };
		37A49579298CF52D00FD1F43 /* GoogleService-Info.plist in Resources */ = {isa = PBXBuildFile; fileRef = 37A49578298CF52C00FD1F43 /* GoogleService-Info.plist */; };
		8B8EC74E022FCBA6028711EF /* Pods_FoodReal.framework in Frameworks */ = {isa = PBXBuildFile; fileRef = 66CCEBEB105920764FE55897 /* Pods_FoodReal.framework */; };
		D1169DDD299EDC8C004CD72B /* CameraViewController.swift in Sources */ = {isa = PBXBuildFile; fileRef = D1169DDC299EDC8C004CD72B /* CameraViewController.swift */; };
		D126275D29A9EE7E00581BD9 /* PreviewPhotoContainerView.swift in Sources */ = {isa = PBXBuildFile; fileRef = D126275C29A9EE7E00581BD9 /* PreviewPhotoContainerView.swift */; };
		D146E919298A415400845BA5 /* AppDelegate.swift in Sources */ = {isa = PBXBuildFile; fileRef = D146E918298A415400845BA5 /* AppDelegate.swift */; };
		D146E91B298A415400845BA5 /* SceneDelegate.swift in Sources */ = {isa = PBXBuildFile; fileRef = D146E91A298A415400845BA5 /* SceneDelegate.swift */; };
		D146E91D298A415400845BA5 /* PostingWallViewController.swift in Sources */ = {isa = PBXBuildFile; fileRef = D146E91C298A415400845BA5 /* PostingWallViewController.swift */; };
		D146E920298A415400845BA5 /* Main.storyboard in Resources */ = {isa = PBXBuildFile; fileRef = D146E91E298A415400845BA5 /* Main.storyboard */; };
		D146E922298A415400845BA5 /* Assets.xcassets in Resources */ = {isa = PBXBuildFile; fileRef = D146E921298A415400845BA5 /* Assets.xcassets */; };
		D146E925298A415400845BA5 /* LaunchScreen.storyboard in Resources */ = {isa = PBXBuildFile; fileRef = D146E923298A415400845BA5 /* LaunchScreen.storyboard */; };
		D148BFDF299303CB002BC463 /* UIViewExtensions.swift in Sources */ = {isa = PBXBuildFile; fileRef = D148BFDE299303CB002BC463 /* UIViewExtensions.swift */; };
		D19391FB299C42FA00A17F20 /* StringExtensions.swift in Sources */ = {isa = PBXBuildFile; fileRef = D19391FA299C42FA00A17F20 /* StringExtensions.swift */; };
		D1C44494299D60270063206B /* PostCollectionViewCell.swift in Sources */ = {isa = PBXBuildFile; fileRef = D1C44492299D60270063206B /* PostCollectionViewCell.swift */; };
		D1C44495299D60270063206B /* PostCollectionViewCell.xib in Resources */ = {isa = PBXBuildFile; fileRef = D1C44493299D60270063206B /* PostCollectionViewCell.xib */; };
		D1C44497299D625C0063206B /* SettingViewController.swift in Sources */ = {isa = PBXBuildFile; fileRef = D1C44496299D625C0063206B /* SettingViewController.swift */; };
/* End PBXBuildFile section */

/* Begin PBXFileReference section */
		3624F7410E4462FB8E494F08 /* Pods-FoodReal.release.xcconfig */ = {isa = PBXFileReference; includeInIndex = 1; lastKnownFileType = text.xcconfig; name = "Pods-FoodReal.release.xcconfig"; path = "Target Support Files/Pods-FoodReal/Pods-FoodReal.release.xcconfig"; sourceTree = "<group>"; };
		371293972999AC3F0030E49F /* FirebaseDB.swift */ = {isa = PBXFileReference; lastKnownFileType = sourcecode.swift; path = FirebaseDB.swift; sourceTree = "<group>"; };
		371293992999BDC60030E49F /* Meal.swift */ = {isa = PBXFileReference; lastKnownFileType = sourcecode.swift; path = Meal.swift; sourceTree = "<group>"; };
		375CA83D29B847DB00EE3106 /* OnboardingNotificationViewController.swift */ = {isa = PBXFileReference; fileEncoding = 4; lastKnownFileType = sourcecode.swift; path = OnboardingNotificationViewController.swift; sourceTree = "<group>"; };
		375CA83E29B847DB00EE3106 /* OnboardingNameViewController.swift */ = {isa = PBXFileReference; fileEncoding = 4; lastKnownFileType = sourcecode.swift; path = OnboardingNameViewController.swift; sourceTree = "<group>"; };
		375CA83F29B847DB00EE3106 /* OnboardingBirthdayViewController.swift */ = {isa = PBXFileReference; fileEncoding = 4; lastKnownFileType = sourcecode.swift; path = OnboardingBirthdayViewController.swift; sourceTree = "<group>"; };
		375CA84029B847DB00EE3106 /* OnboardingEmailViewController.swift */ = {isa = PBXFileReference; fileEncoding = 4; lastKnownFileType = sourcecode.swift; path = OnboardingEmailViewController.swift; sourceTree = "<group>"; };
		375CA84129B847DB00EE3106 /* OnboardingUsernameViewController.swift */ = {isa = PBXFileReference; fileEncoding = 4; lastKnownFileType = sourcecode.swift; path = OnboardingUsernameViewController.swift; sourceTree = "<group>"; };
		375CA84229B847DB00EE3106 /* OnboardingPasswordViewController.swift */ = {isa = PBXFileReference; fileEncoding = 4; lastKnownFileType = sourcecode.swift; path = OnboardingPasswordViewController.swift; sourceTree = "<group>"; };
		375CA84C29B84A3100EE3106 /* User.swift */ = {isa = PBXFileReference; lastKnownFileType = sourcecode.swift; path = User.swift; sourceTree = "<group>"; };
		37A49578298CF52C00FD1F43 /* GoogleService-Info.plist */ = {isa = PBXFileReference; fileEncoding = 4; lastKnownFileType = text.plist.xml; path = "GoogleService-Info.plist"; sourceTree = "<group>"; };
		66CCEBEB105920764FE55897 /* Pods_FoodReal.framework */ = {isa = PBXFileReference; explicitFileType = wrapper.framework; includeInIndex = 0; path = Pods_FoodReal.framework; sourceTree = BUILT_PRODUCTS_DIR; };
		D027C4D2B7D26FA575835E9A /* Pods-FoodReal.debug.xcconfig */ = {isa = PBXFileReference; includeInIndex = 1; lastKnownFileType = text.xcconfig; name = "Pods-FoodReal.debug.xcconfig"; path = "Target Support Files/Pods-FoodReal/Pods-FoodReal.debug.xcconfig"; sourceTree = "<group>"; };
		D1169DDC299EDC8C004CD72B /* CameraViewController.swift */ = {isa = PBXFileReference; lastKnownFileType = sourcecode.swift; path = CameraViewController.swift; sourceTree = "<group>"; };
		D126275C29A9EE7E00581BD9 /* PreviewPhotoContainerView.swift */ = {isa = PBXFileReference; fileEncoding = 4; lastKnownFileType = sourcecode.swift; path = PreviewPhotoContainerView.swift; sourceTree = "<group>"; };
		D146E915298A415400845BA5 /* FoodReal.app */ = {isa = PBXFileReference; explicitFileType = wrapper.application; includeInIndex = 0; path = FoodReal.app; sourceTree = BUILT_PRODUCTS_DIR; };
		D146E918298A415400845BA5 /* AppDelegate.swift */ = {isa = PBXFileReference; lastKnownFileType = sourcecode.swift; path = AppDelegate.swift; sourceTree = "<group>"; };
		D146E91A298A415400845BA5 /* SceneDelegate.swift */ = {isa = PBXFileReference; lastKnownFileType = sourcecode.swift; path = SceneDelegate.swift; sourceTree = "<group>"; };
		D146E91C298A415400845BA5 /* PostingWallViewController.swift */ = {isa = PBXFileReference; lastKnownFileType = sourcecode.swift; path = PostingWallViewController.swift; sourceTree = "<group>"; };
		D146E91F298A415400845BA5 /* Base */ = {isa = PBXFileReference; lastKnownFileType = file.storyboard; name = Base; path = Base.lproj/Main.storyboard; sourceTree = "<group>"; };
		D146E921298A415400845BA5 /* Assets.xcassets */ = {isa = PBXFileReference; lastKnownFileType = folder.assetcatalog; path = Assets.xcassets; sourceTree = "<group>"; };
		D146E924298A415400845BA5 /* Base */ = {isa = PBXFileReference; lastKnownFileType = file.storyboard; name = Base; path = Base.lproj/LaunchScreen.storyboard; sourceTree = "<group>"; };
		D146E926298A415400845BA5 /* Info.plist */ = {isa = PBXFileReference; lastKnownFileType = text.plist.xml; path = Info.plist; sourceTree = "<group>"; };
		D148BFDE299303CB002BC463 /* UIViewExtensions.swift */ = {isa = PBXFileReference; lastKnownFileType = sourcecode.swift; path = UIViewExtensions.swift; sourceTree = "<group>"; };
		D19391FA299C42FA00A17F20 /* StringExtensions.swift */ = {isa = PBXFileReference; lastKnownFileType = sourcecode.swift; path = StringExtensions.swift; sourceTree = "<group>"; };
		D1C44492299D60270063206B /* PostCollectionViewCell.swift */ = {isa = PBXFileReference; fileEncoding = 4; lastKnownFileType = sourcecode.swift; path = PostCollectionViewCell.swift; sourceTree = "<group>"; };
		D1C44493299D60270063206B /* PostCollectionViewCell.xib */ = {isa = PBXFileReference; fileEncoding = 4; lastKnownFileType = file.xib; path = PostCollectionViewCell.xib; sourceTree = "<group>"; };
		D1C44496299D625C0063206B /* SettingViewController.swift */ = {isa = PBXFileReference; lastKnownFileType = sourcecode.swift; path = SettingViewController.swift; sourceTree = "<group>"; };
/* End PBXFileReference section */

/* Begin PBXFrameworksBuildPhase section */
		D146E912298A415400845BA5 /* Frameworks */ = {
			isa = PBXFrameworksBuildPhase;
			buildActionMask = 2147483647;
			files = (
				8B8EC74E022FCBA6028711EF /* Pods_FoodReal.framework in Frameworks */,
			);
			runOnlyForDeploymentPostprocessing = 0;
		};
/* End PBXFrameworksBuildPhase section */

/* Begin PBXGroup section */
		375CA84929B8480000EE3106 /* OnboardingView */ = {
			isa = PBXGroup;
			children = (
				375CA83E29B847DB00EE3106 /* OnboardingNameViewController.swift */,
				375CA83F29B847DB00EE3106 /* OnboardingBirthdayViewController.swift */,
				375CA84029B847DB00EE3106 /* OnboardingEmailViewController.swift */,
				375CA84129B847DB00EE3106 /* OnboardingUsernameViewController.swift */,
				375CA84229B847DB00EE3106 /* OnboardingPasswordViewController.swift */,
				375CA83D29B847DB00EE3106 /* OnboardingNotificationViewController.swift */,
			);
			path = OnboardingView;
			sourceTree = "<group>";
		};
		974D8C68D2D6705EEFCF183D /* Pods */ = {
			isa = PBXGroup;
			children = (
				D027C4D2B7D26FA575835E9A /* Pods-FoodReal.debug.xcconfig */,
				3624F7410E4462FB8E494F08 /* Pods-FoodReal.release.xcconfig */,
			);
			path = Pods;
			sourceTree = "<group>";
		};
		B9F773F6133889F8B973A40C /* Frameworks */ = {
			isa = PBXGroup;
			children = (
				66CCEBEB105920764FE55897 /* Pods_FoodReal.framework */,
			);
			name = Frameworks;
			sourceTree = "<group>";
		};
		D146E90C298A415400845BA5 = {
			isa = PBXGroup;
			children = (
				D146E917298A415400845BA5 /* FoodReal */,
				D146E916298A415400845BA5 /* Products */,
				974D8C68D2D6705EEFCF183D /* Pods */,
				B9F773F6133889F8B973A40C /* Frameworks */,
			);
			sourceTree = "<group>";
		};
		D146E916298A415400845BA5 /* Products */ = {
			isa = PBXGroup;
			children = (
				D146E915298A415400845BA5 /* FoodReal.app */,
			);
			name = Products;
			sourceTree = "<group>";
		};
		D146E917298A415400845BA5 /* FoodReal */ = {
			isa = PBXGroup;
			children = (
				37A49578298CF52C00FD1F43 /* GoogleService-Info.plist */,
				D1A73525298C6A9E00D0956E /* Model */,
				D1C44491299D5FB30063206B /* View */,
				D1A73527298C6AB200D0956E /* Controller */,
				D146E918298A415400845BA5 /* AppDelegate.swift */,
				D146E91A298A415400845BA5 /* SceneDelegate.swift */,
				D146E91E298A415400845BA5 /* Main.storyboard */,
				D146E921298A415400845BA5 /* Assets.xcassets */,
				D146E923298A415400845BA5 /* LaunchScreen.storyboard */,
				D148BFDD2993039D002BC463 /* Helpers */,
				D146E926298A415400845BA5 /* Info.plist */,
			);
			path = FoodReal;
			sourceTree = "<group>";
		};
		D148BFDD2993039D002BC463 /* Helpers */ = {
			isa = PBXGroup;
			children = (
				D148BFDE299303CB002BC463 /* UIViewExtensions.swift */,
				D19391FA299C42FA00A17F20 /* StringExtensions.swift */,
			);
			path = Helpers;
			sourceTree = "<group>";
		};
		D1A73525298C6A9E00D0956E /* Model */ = {
			isa = PBXGroup;
			children = (
				371293992999BDC60030E49F /* Meal.swift */,
				375CA84C29B84A3100EE3106 /* User.swift */,
			);
			path = Model;
			sourceTree = "<group>";
		};
		D1A73527298C6AB200D0956E /* Controller */ = {
			isa = PBXGroup;
			children = (
				371293972999AC3F0030E49F /* FirebaseDB.swift */,
				375CA84929B8480000EE3106 /* OnboardingView */,
				D146E91C298A415400845BA5 /* PostingWallViewController.swift */,
				D1C44496299D625C0063206B /* SettingViewController.swift */,
				D1169DDC299EDC8C004CD72B /* CameraViewController.swift */,
			);
			path = Controller;
			sourceTree = "<group>";
		};
		D1C44491299D5FB30063206B /* View */ = {
			isa = PBXGroup;
			children = (
				D1C44492299D60270063206B /* PostCollectionViewCell.swift */,
				D1C44493299D60270063206B /* PostCollectionViewCell.xib */,
				D126275C29A9EE7E00581BD9 /* PreviewPhotoContainerView.swift */,
			);
			path = View;
			sourceTree = "<group>";
		};
/* End PBXGroup section */

/* Begin PBXNativeTarget section */
		D146E914298A415400845BA5 /* FoodReal */ = {
			isa = PBXNativeTarget;
			buildConfigurationList = D146E929298A415400845BA5 /* Build configuration list for PBXNativeTarget "FoodReal" */;
			buildPhases = (
				8CDB943C11705B563A5C3CAD /* [CP] Check Pods Manifest.lock */,
				D146E911298A415400845BA5 /* Sources */,
				D146E912298A415400845BA5 /* Frameworks */,
				D146E913298A415400845BA5 /* Resources */,
				6E6B397CC80B7B99CC5A96EF /* [CP] Embed Pods Frameworks */,
			);
			buildRules = (
			);
			dependencies = (
			);
			name = FoodReal;
			productName = FoodReal;
			productReference = D146E915298A415400845BA5 /* FoodReal.app */;
			productType = "com.apple.product-type.application";
		};
/* End PBXNativeTarget section */

/* Begin PBXProject section */
		D146E90D298A415400845BA5 /* Project object */ = {
			isa = PBXProject;
			attributes = {
				BuildIndependentTargetsInParallel = 1;
				LastSwiftUpdateCheck = 1420;
				LastUpgradeCheck = 1420;
				TargetAttributes = {
					D146E914298A415400845BA5 = {
						CreatedOnToolsVersion = 14.2;
					};
				};
			};
			buildConfigurationList = D146E910298A415400845BA5 /* Build configuration list for PBXProject "FoodReal" */;
			compatibilityVersion = "Xcode 13.0";
			developmentRegion = en;
			hasScannedForEncodings = 0;
			knownRegions = (
				en,
				Base,
			);
			mainGroup = D146E90C298A415400845BA5;
			productRefGroup = D146E916298A415400845BA5 /* Products */;
			projectDirPath = "";
			projectRoot = "";
			targets = (
				D146E914298A415400845BA5 /* FoodReal */,
			);
		};
/* End PBXProject section */

/* Begin PBXResourcesBuildPhase section */
		D146E913298A415400845BA5 /* Resources */ = {
			isa = PBXResourcesBuildPhase;
			buildActionMask = 2147483647;
			files = (
				D146E925298A415400845BA5 /* LaunchScreen.storyboard in Resources */,
				37A49579298CF52D00FD1F43 /* GoogleService-Info.plist in Resources */,
				D1C44495299D60270063206B /* PostCollectionViewCell.xib in Resources */,
				D146E922298A415400845BA5 /* Assets.xcassets in Resources */,
				D146E920298A415400845BA5 /* Main.storyboard in Resources */,
			);
			runOnlyForDeploymentPostprocessing = 0;
		};
/* End PBXResourcesBuildPhase section */

/* Begin PBXShellScriptBuildPhase section */
		6E6B397CC80B7B99CC5A96EF /* [CP] Embed Pods Frameworks */ = {
			isa = PBXShellScriptBuildPhase;
			buildActionMask = 2147483647;
			files = (
			);
			inputFileListPaths = (
				"${PODS_ROOT}/Target Support Files/Pods-FoodReal/Pods-FoodReal-frameworks-${CONFIGURATION}-input-files.xcfilelist",
			);
			name = "[CP] Embed Pods Frameworks";
			outputFileListPaths = (
				"${PODS_ROOT}/Target Support Files/Pods-FoodReal/Pods-FoodReal-frameworks-${CONFIGURATION}-output-files.xcfilelist",
			);
			runOnlyForDeploymentPostprocessing = 0;
			shellPath = /bin/sh;
			shellScript = "\"${PODS_ROOT}/Target Support Files/Pods-FoodReal/Pods-FoodReal-frameworks.sh\"\n";
			showEnvVarsInLog = 0;
		};
		8CDB943C11705B563A5C3CAD /* [CP] Check Pods Manifest.lock */ = {
			isa = PBXShellScriptBuildPhase;
			buildActionMask = 2147483647;
			files = (
			);
			inputFileListPaths = (
			);
			inputPaths = (
				"${PODS_PODFILE_DIR_PATH}/Podfile.lock",
				"${PODS_ROOT}/Manifest.lock",
			);
			name = "[CP] Check Pods Manifest.lock";
			outputFileListPaths = (
			);
			outputPaths = (
				"$(DERIVED_FILE_DIR)/Pods-FoodReal-checkManifestLockResult.txt",
			);
			runOnlyForDeploymentPostprocessing = 0;
			shellPath = /bin/sh;
			shellScript = "diff \"${PODS_PODFILE_DIR_PATH}/Podfile.lock\" \"${PODS_ROOT}/Manifest.lock\" > /dev/null\nif [ $? != 0 ] ; then\n    # print error to STDERR\n    echo \"error: The sandbox is not in sync with the Podfile.lock. Run 'pod install' or update your CocoaPods installation.\" >&2\n    exit 1\nfi\n# This output is used by Xcode 'outputs' to avoid re-running this script phase.\necho \"SUCCESS\" > \"${SCRIPT_OUTPUT_FILE_0}\"\n";
			showEnvVarsInLog = 0;
		};
/* End PBXShellScriptBuildPhase section */

/* Begin PBXSourcesBuildPhase section */
		D146E911298A415400845BA5 /* Sources */ = {
			isa = PBXSourcesBuildPhase;
			buildActionMask = 2147483647;
			files = (
				D19391FB299C42FA00A17F20 /* StringExtensions.swift in Sources */,
				D1169DDD299EDC8C004CD72B /* CameraViewController.swift in Sources */,
				D148BFDF299303CB002BC463 /* UIViewExtensions.swift in Sources */,
				375CA84729B847DB00EE3106 /* OnboardingUsernameViewController.swift in Sources */,
				D146E91D298A415400845BA5 /* PostingWallViewController.swift in Sources */,
				D146E919298A415400845BA5 /* AppDelegate.swift in Sources */,
				375CA84429B847DB00EE3106 /* OnboardingNameViewController.swift in Sources */,
				D126275D29A9EE7E00581BD9 /* PreviewPhotoContainerView.swift in Sources */,
				375CA84829B847DB00EE3106 /* OnboardingPasswordViewController.swift in Sources */,
				375CA84329B847DB00EE3106 /* OnboardingNotificationViewController.swift in Sources */,
				D1C44494299D60270063206B /* PostCollectionViewCell.swift in Sources */,
				D1C44497299D625C0063206B /* SettingViewController.swift in Sources */,
				375CA84529B847DB00EE3106 /* OnboardingBirthdayViewController.swift in Sources */,
				371293982999AC3F0030E49F /* FirebaseDB.swift in Sources */,
				375CA84D29B84A3100EE3106 /* User.swift in Sources */,
				3712939A2999BDC60030E49F /* Meal.swift in Sources */,
				D146E91B298A415400845BA5 /* SceneDelegate.swift in Sources */,
				375CA84629B847DB00EE3106 /* OnboardingEmailViewController.swift in Sources */,
			);
			runOnlyForDeploymentPostprocessing = 0;
		};
/* End PBXSourcesBuildPhase section */

/* Begin PBXVariantGroup section */
		D146E91E298A415400845BA5 /* Main.storyboard */ = {
			isa = PBXVariantGroup;
			children = (
				D146E91F298A415400845BA5 /* Base */,
			);
			name = Main.storyboard;
			sourceTree = "<group>";
		};
		D146E923298A415400845BA5 /* LaunchScreen.storyboard */ = {
			isa = PBXVariantGroup;
			children = (
				D146E924298A415400845BA5 /* Base */,
			);
			name = LaunchScreen.storyboard;
			sourceTree = "<group>";
		};
/* End PBXVariantGroup section */

/* Begin XCBuildConfiguration section */
		D146E927298A415400845BA5 /* Debug */ = {
			isa = XCBuildConfiguration;
			buildSettings = {
				ALWAYS_SEARCH_USER_PATHS = NO;
				CLANG_ANALYZER_NONNULL = YES;
				CLANG_ANALYZER_NUMBER_OBJECT_CONVERSION = YES_AGGRESSIVE;
				CLANG_CXX_LANGUAGE_STANDARD = "gnu++20";
				CLANG_ENABLE_MODULES = YES;
				CLANG_ENABLE_OBJC_ARC = YES;
				CLANG_ENABLE_OBJC_WEAK = YES;
				CLANG_WARN_BLOCK_CAPTURE_AUTORELEASING = YES;
				CLANG_WARN_BOOL_CONVERSION = YES;
				CLANG_WARN_COMMA = YES;
				CLANG_WARN_CONSTANT_CONVERSION = YES;
				CLANG_WARN_DEPRECATED_OBJC_IMPLEMENTATIONS = YES;
				CLANG_WARN_DIRECT_OBJC_ISA_USAGE = YES_ERROR;
				CLANG_WARN_DOCUMENTATION_COMMENTS = YES;
				CLANG_WARN_EMPTY_BODY = YES;
				CLANG_WARN_ENUM_CONVERSION = YES;
				CLANG_WARN_INFINITE_RECURSION = YES;
				CLANG_WARN_INT_CONVERSION = YES;
				CLANG_WARN_NON_LITERAL_NULL_CONVERSION = YES;
				CLANG_WARN_OBJC_IMPLICIT_RETAIN_SELF = YES;
				CLANG_WARN_OBJC_LITERAL_CONVERSION = YES;
				CLANG_WARN_OBJC_ROOT_CLASS = YES_ERROR;
				CLANG_WARN_QUOTED_INCLUDE_IN_FRAMEWORK_HEADER = YES;
				CLANG_WARN_RANGE_LOOP_ANALYSIS = YES;
				CLANG_WARN_STRICT_PROTOTYPES = YES;
				CLANG_WARN_SUSPICIOUS_MOVE = YES;
				CLANG_WARN_UNGUARDED_AVAILABILITY = YES_AGGRESSIVE;
				CLANG_WARN_UNREACHABLE_CODE = YES;
				CLANG_WARN__DUPLICATE_METHOD_MATCH = YES;
				COPY_PHASE_STRIP = NO;
				DEBUG_INFORMATION_FORMAT = dwarf;
				ENABLE_STRICT_OBJC_MSGSEND = YES;
				ENABLE_TESTABILITY = YES;
				GCC_C_LANGUAGE_STANDARD = gnu11;
				GCC_DYNAMIC_NO_PIC = NO;
				GCC_NO_COMMON_BLOCKS = YES;
				GCC_OPTIMIZATION_LEVEL = 0;
				GCC_PREPROCESSOR_DEFINITIONS = (
					"DEBUG=1",
					"$(inherited)",
				);
				GCC_WARN_64_TO_32_BIT_CONVERSION = YES;
				GCC_WARN_ABOUT_RETURN_TYPE = YES_ERROR;
				GCC_WARN_UNDECLARED_SELECTOR = YES;
				GCC_WARN_UNINITIALIZED_AUTOS = YES_AGGRESSIVE;
				GCC_WARN_UNUSED_FUNCTION = YES;
				GCC_WARN_UNUSED_VARIABLE = YES;
				IPHONEOS_DEPLOYMENT_TARGET = 16.2;
				MTL_ENABLE_DEBUG_INFO = INCLUDE_SOURCE;
				MTL_FAST_MATH = YES;
				ONLY_ACTIVE_ARCH = YES;
				SDKROOT = iphoneos;
				SWIFT_ACTIVE_COMPILATION_CONDITIONS = DEBUG;
				SWIFT_OPTIMIZATION_LEVEL = "-Onone";
			};
			name = Debug;
		};
		D146E928298A415400845BA5 /* Release */ = {
			isa = XCBuildConfiguration;
			buildSettings = {
				ALWAYS_SEARCH_USER_PATHS = NO;
				CLANG_ANALYZER_NONNULL = YES;
				CLANG_ANALYZER_NUMBER_OBJECT_CONVERSION = YES_AGGRESSIVE;
				CLANG_CXX_LANGUAGE_STANDARD = "gnu++20";
				CLANG_ENABLE_MODULES = YES;
				CLANG_ENABLE_OBJC_ARC = YES;
				CLANG_ENABLE_OBJC_WEAK = YES;
				CLANG_WARN_BLOCK_CAPTURE_AUTORELEASING = YES;
				CLANG_WARN_BOOL_CONVERSION = YES;
				CLANG_WARN_COMMA = YES;
				CLANG_WARN_CONSTANT_CONVERSION = YES;
				CLANG_WARN_DEPRECATED_OBJC_IMPLEMENTATIONS = YES;
				CLANG_WARN_DIRECT_OBJC_ISA_USAGE = YES_ERROR;
				CLANG_WARN_DOCUMENTATION_COMMENTS = YES;
				CLANG_WARN_EMPTY_BODY = YES;
				CLANG_WARN_ENUM_CONVERSION = YES;
				CLANG_WARN_INFINITE_RECURSION = YES;
				CLANG_WARN_INT_CONVERSION = YES;
				CLANG_WARN_NON_LITERAL_NULL_CONVERSION = YES;
				CLANG_WARN_OBJC_IMPLICIT_RETAIN_SELF = YES;
				CLANG_WARN_OBJC_LITERAL_CONVERSION = YES;
				CLANG_WARN_OBJC_ROOT_CLASS = YES_ERROR;
				CLANG_WARN_QUOTED_INCLUDE_IN_FRAMEWORK_HEADER = YES;
				CLANG_WARN_RANGE_LOOP_ANALYSIS = YES;
				CLANG_WARN_STRICT_PROTOTYPES = YES;
				CLANG_WARN_SUSPICIOUS_MOVE = YES;
				CLANG_WARN_UNGUARDED_AVAILABILITY = YES_AGGRESSIVE;
				CLANG_WARN_UNREACHABLE_CODE = YES;
				CLANG_WARN__DUPLICATE_METHOD_MATCH = YES;
				COPY_PHASE_STRIP = NO;
				DEBUG_INFORMATION_FORMAT = "dwarf-with-dsym";
				ENABLE_NS_ASSERTIONS = NO;
				ENABLE_STRICT_OBJC_MSGSEND = YES;
				GCC_C_LANGUAGE_STANDARD = gnu11;
				GCC_NO_COMMON_BLOCKS = YES;
				GCC_WARN_64_TO_32_BIT_CONVERSION = YES;
				GCC_WARN_ABOUT_RETURN_TYPE = YES_ERROR;
				GCC_WARN_UNDECLARED_SELECTOR = YES;
				GCC_WARN_UNINITIALIZED_AUTOS = YES_AGGRESSIVE;
				GCC_WARN_UNUSED_FUNCTION = YES;
				GCC_WARN_UNUSED_VARIABLE = YES;
				IPHONEOS_DEPLOYMENT_TARGET = 16.2;
				MTL_ENABLE_DEBUG_INFO = NO;
				MTL_FAST_MATH = YES;
				SDKROOT = iphoneos;
				SWIFT_COMPILATION_MODE = wholemodule;
				SWIFT_OPTIMIZATION_LEVEL = "-O";
				VALIDATE_PRODUCT = YES;
			};
			name = Release;
		};
		D146E92A298A415400845BA5 /* Debug */ = {
			isa = XCBuildConfiguration;
			baseConfigurationReference = D027C4D2B7D26FA575835E9A /* Pods-FoodReal.debug.xcconfig */;
			buildSettings = {
				ASSETCATALOG_COMPILER_APPICON_NAME = AppIcon;
				ASSETCATALOG_COMPILER_GLOBAL_ACCENT_COLOR_NAME = AccentColor;
				CODE_SIGN_STYLE = Automatic;
				CURRENT_PROJECT_VERSION = 1;
				DEVELOPMENT_TEAM = TBVM4H3583;
				GENERATE_INFOPLIST_FILE = YES;
				INFOPLIST_FILE = FoodReal/Info.plist;
				INFOPLIST_KEY_NSCameraUsageDescription = "The app needs to access the camera";
				INFOPLIST_KEY_NSMicrophoneUsageDescription = "The app needs to record audio";
				INFOPLIST_KEY_UIApplicationSupportsIndirectInputEvents = YES;
				INFOPLIST_KEY_UILaunchStoryboardName = LaunchScreen;
				INFOPLIST_KEY_UIMainStoryboardFile = Main;
				INFOPLIST_KEY_UIStatusBarStyle = UIStatusBarStyleLightContent;
				INFOPLIST_KEY_UISupportedInterfaceOrientations_iPad = "UIInterfaceOrientationPortrait UIInterfaceOrientationPortraitUpsideDown UIInterfaceOrientationLandscapeLeft UIInterfaceOrientationLandscapeRight";
				INFOPLIST_KEY_UISupportedInterfaceOrientations_iPhone = "UIInterfaceOrientationPortrait UIInterfaceOrientationLandscapeLeft UIInterfaceOrientationLandscapeRight";
				IPHONEOS_DEPLOYMENT_TARGET = 13.0;
				LD_RUNPATH_SEARCH_PATHS = (
					"$(inherited)",
					"@executable_path/Frameworks",
				);
				MARKETING_VERSION = 1.0;
				PRODUCT_BUNDLE_IDENTIFIER = com.twoseniors.FoodReal;
				PRODUCT_NAME = "$(TARGET_NAME)";
				SWIFT_EMIT_LOC_STRINGS = YES;
				SWIFT_VERSION = 5.0;
				TARGETED_DEVICE_FAMILY = "1,2";
			};
			name = Debug;
		};
		D146E92B298A415400845BA5 /* Release */ = {
			isa = XCBuildConfiguration;
			baseConfigurationReference = 3624F7410E4462FB8E494F08 /* Pods-FoodReal.release.xcconfig */;
			buildSettings = {
				ASSETCATALOG_COMPILER_APPICON_NAME = AppIcon;
				ASSETCATALOG_COMPILER_GLOBAL_ACCENT_COLOR_NAME = AccentColor;
				CODE_SIGN_STYLE = Automatic;
				CURRENT_PROJECT_VERSION = 1;
				DEVELOPMENT_TEAM = TBVM4H3583;
				GENERATE_INFOPLIST_FILE = YES;
				INFOPLIST_FILE = FoodReal/Info.plist;
				INFOPLIST_KEY_NSCameraUsageDescription = "The app needs to access the camera";
				INFOPLIST_KEY_NSMicrophoneUsageDescription = "The app needs to record audio";
				INFOPLIST_KEY_UIApplicationSupportsIndirectInputEvents = YES;
				INFOPLIST_KEY_UILaunchStoryboardName = LaunchScreen;
				INFOPLIST_KEY_UIMainStoryboardFile = Main;
				INFOPLIST_KEY_UIStatusBarStyle = UIStatusBarStyleLightContent;
				INFOPLIST_KEY_UISupportedInterfaceOrientations_iPad = "UIInterfaceOrientationPortrait UIInterfaceOrientationPortraitUpsideDown UIInterfaceOrientationLandscapeLeft UIInterfaceOrientationLandscapeRight";
				INFOPLIST_KEY_UISupportedInterfaceOrientations_iPhone = "UIInterfaceOrientationPortrait UIInterfaceOrientationLandscapeLeft UIInterfaceOrientationLandscapeRight";
				IPHONEOS_DEPLOYMENT_TARGET = 13.0;
				LD_RUNPATH_SEARCH_PATHS = (
					"$(inherited)",
					"@executable_path/Frameworks",
				);
				MARKETING_VERSION = 1.0;
				PRODUCT_BUNDLE_IDENTIFIER = com.twoseniors.FoodReal;
				PRODUCT_NAME = "$(TARGET_NAME)";
				SWIFT_EMIT_LOC_STRINGS = YES;
				SWIFT_VERSION = 5.0;
				TARGETED_DEVICE_FAMILY = "1,2";
			};
			name = Release;
		};
/* End XCBuildConfiguration section */

/* Begin XCConfigurationList section */
		D146E910298A415400845BA5 /* Build configuration list for PBXProject "FoodReal" */ = {
			isa = XCConfigurationList;
			buildConfigurations = (
				D146E927298A415400845BA5 /* Debug */,
				D146E928298A415400845BA5 /* Release */,
			);
			defaultConfigurationIsVisible = 0;
			defaultConfigurationName = Release;
		};
		D146E929298A415400845BA5 /* Build configuration list for PBXNativeTarget "FoodReal" */ = {
			isa = XCConfigurationList;
			buildConfigurations = (
				D146E92A298A415400845BA5 /* Debug */,
				D146E92B298A415400845BA5 /* Release */,
			);
			defaultConfigurationIsVisible = 0;
			defaultConfigurationName = Release;
		};
/* End XCConfigurationList section */
	};
	rootObject = D146E90D298A415400845BA5 /* Project object */;
}
